
Microsoft Visual Studio Solution File, Format Version 12.00
# Visual Studio 15
VisualStudioVersion = 15.0.26124.0
MinimumVisualStudioVersion = 15.0.26124.0
Project("{FAE04EC0-301F-11D3-BF4B-00C04F79EFBC}") = "Pickles.CommandLine", "Pickles.CommandLine\Pickles.CommandLine.csproj", "{369238A8-83B0-46E2-9D01-9133841FA0D0}"
EndProject
Project("{FAE04EC0-301F-11D3-BF4B-00C04F79EFBC}") = "Pickles", "Pickles\Pickles.csproj", "{21828DE2-EF6D-491B-933A-BDD1609634B4}"
EndProject
Project("{FAE04EC0-301F-11D3-BF4B-00C04F79EFBC}") = "Pickles.DocumentationBuilders.Cucumber", "Pickles.DocumentationBuilders.Cucumber\Pickles.DocumentationBuilders.Cucumber.csproj", "{537BF7D1-4247-41E7-8AB2-58C52390CA42}"
EndProject
Project("{FAE04EC0-301F-11D3-BF4B-00C04F79EFBC}") = "Pickles.ObjectModel", "Pickles.ObjectModel\Pickles.ObjectModel.csproj", "{48D0E6EA-F502-4BA6-9284-05DB9F91692E}"
EndProject
Project("{FAE04EC0-301F-11D3-BF4B-00C04F79EFBC}") = "Pickles.DocumentationBuilders.Html", "Pickles.DocumentationBuilders.Html\Pickles.DocumentationBuilders.Html.csproj", "{18C489EA-3E4E-4602-8610-30DA87FC9A23}"
EndProject
Project("{FAE04EC0-301F-11D3-BF4B-00C04F79EFBC}") = "Pickles.DocumentationBuilders.Dhtml", "Pickles.DocumentationBuilders.Dhtml\Pickles.DocumentationBuilders.Dhtml.csproj", "{9B86C5E2-2200-4C7E-8602-A7F0B073C5EA}"
EndProject
Project("{FAE04EC0-301F-11D3-BF4B-00C04F79EFBC}") = "Pickles.DocumentationBuilders.Json", "Pickles.DocumentationBuilders.Json\Pickles.DocumentationBuilders.Json.csproj", "{C64C91FD-68DE-423B-AA8C-214FED786BC8}"
EndProject
Project("{FAE04EC0-301F-11D3-BF4B-00C04F79EFBC}") = "Pickles.DocumentationBuilders.Word", "Pickles.DocumentationBuilders.Word\Pickles.DocumentationBuilders.Word.csproj", "{00C325E3-F641-4B07-B356-3BF7311A233B}"
EndProject
Global
	GlobalSection(SolutionConfigurationPlatforms) = preSolution
		Debug|Any CPU = Debug|Any CPU
		Debug|x64 = Debug|x64
		Debug|x86 = Debug|x86
		Release|Any CPU = Release|Any CPU
		Release|x64 = Release|x64
		Release|x86 = Release|x86
	EndGlobalSection
	GlobalSection(SolutionProperties) = preSolution
		HideSolutionNode = FALSE
	EndGlobalSection
	GlobalSection(ProjectConfigurationPlatforms) = postSolution
		{369238A8-83B0-46E2-9D01-9133841FA0D0}.Debug|Any CPU.ActiveCfg = Debug|Any CPU
		{369238A8-83B0-46E2-9D01-9133841FA0D0}.Debug|Any CPU.Build.0 = Debug|Any CPU
		{369238A8-83B0-46E2-9D01-9133841FA0D0}.Debug|x64.ActiveCfg = Debug|Any CPU
		{369238A8-83B0-46E2-9D01-9133841FA0D0}.Debug|x64.Build.0 = Debug|Any CPU
		{369238A8-83B0-46E2-9D01-9133841FA0D0}.Debug|x86.ActiveCfg = Debug|Any CPU
		{369238A8-83B0-46E2-9D01-9133841FA0D0}.Debug|x86.Build.0 = Debug|Any CPU
		{369238A8-83B0-46E2-9D01-9133841FA0D0}.Release|Any CPU.ActiveCfg = Release|Any CPU
		{369238A8-83B0-46E2-9D01-9133841FA0D0}.Release|Any CPU.Build.0 = Release|Any CPU
		{369238A8-83B0-46E2-9D01-9133841FA0D0}.Release|x64.ActiveCfg = Release|Any CPU
		{369238A8-83B0-46E2-9D01-9133841FA0D0}.Release|x64.Build.0 = Release|Any CPU
		{369238A8-83B0-46E2-9D01-9133841FA0D0}.Release|x86.ActiveCfg = Release|Any CPU
		{369238A8-83B0-46E2-9D01-9133841FA0D0}.Release|x86.Build.0 = Release|Any CPU
		{21828DE2-EF6D-491B-933A-BDD1609634B4}.Debug|Any CPU.ActiveCfg = Debug|Any CPU
		{21828DE2-EF6D-491B-933A-BDD1609634B4}.Debug|Any CPU.Build.0 = Debug|Any CPU
		{21828DE2-EF6D-491B-933A-BDD1609634B4}.Debug|x64.ActiveCfg = Debug|Any CPU
		{21828DE2-EF6D-491B-933A-BDD1609634B4}.Debug|x64.Build.0 = Debug|Any CPU
		{21828DE2-EF6D-491B-933A-BDD1609634B4}.Debug|x86.ActiveCfg = Debug|Any CPU
		{21828DE2-EF6D-491B-933A-BDD1609634B4}.Debug|x86.Build.0 = Debug|Any CPU
		{21828DE2-EF6D-491B-933A-BDD1609634B4}.Release|Any CPU.ActiveCfg = Release|Any CPU
		{21828DE2-EF6D-491B-933A-BDD1609634B4}.Release|Any CPU.Build.0 = Release|Any CPU
		{21828DE2-EF6D-491B-933A-BDD1609634B4}.Release|x64.ActiveCfg = Release|Any CPU
		{21828DE2-EF6D-491B-933A-BDD1609634B4}.Release|x64.Build.0 = Release|Any CPU
		{21828DE2-EF6D-491B-933A-BDD1609634B4}.Release|x86.ActiveCfg = Release|Any CPU
		{21828DE2-EF6D-491B-933A-BDD1609634B4}.Release|x86.Build.0 = Release|Any CPU
		{537BF7D1-4247-41E7-8AB2-58C52390CA42}.Debug|Any CPU.ActiveCfg = Debug|Any CPU
		{537BF7D1-4247-41E7-8AB2-58C52390CA42}.Debug|Any CPU.Build.0 = Debug|Any CPU
		{537BF7D1-4247-41E7-8AB2-58C52390CA42}.Debug|x64.ActiveCfg = Debug|Any CPU
		{537BF7D1-4247-41E7-8AB2-58C52390CA42}.Debug|x64.Build.0 = Debug|Any CPU
		{537BF7D1-4247-41E7-8AB2-58C52390CA42}.Debug|x86.ActiveCfg = Debug|Any CPU
		{537BF7D1-4247-41E7-8AB2-58C52390CA42}.Debug|x86.Build.0 = Debug|Any CPU
		{537BF7D1-4247-41E7-8AB2-58C52390CA42}.Release|Any CPU.ActiveCfg = Release|Any CPU
		{537BF7D1-4247-41E7-8AB2-58C52390CA42}.Release|Any CPU.Build.0 = Release|Any CPU
		{537BF7D1-4247-41E7-8AB2-58C52390CA42}.Release|x64.ActiveCfg = Release|Any CPU
		{537BF7D1-4247-41E7-8AB2-58C52390CA42}.Release|x64.Build.0 = Release|Any CPU
		{537BF7D1-4247-41E7-8AB2-58C52390CA42}.Release|x86.ActiveCfg = Release|Any CPU
		{537BF7D1-4247-41E7-8AB2-58C52390CA42}.Release|x86.Build.0 = Release|Any CPU
		{48D0E6EA-F502-4BA6-9284-05DB9F91692E}.Debug|Any CPU.ActiveCfg = Debug|Any CPU
		{48D0E6EA-F502-4BA6-9284-05DB9F91692E}.Debug|Any CPU.Build.0 = Debug|Any CPU
		{48D0E6EA-F502-4BA6-9284-05DB9F91692E}.Debug|x64.ActiveCfg = Debug|Any CPU
		{48D0E6EA-F502-4BA6-9284-05DB9F91692E}.Debug|x64.Build.0 = Debug|Any CPU
		{48D0E6EA-F502-4BA6-9284-05DB9F91692E}.Debug|x86.ActiveCfg = Debug|Any CPU
		{48D0E6EA-F502-4BA6-9284-05DB9F91692E}.Debug|x86.Build.0 = Debug|Any CPU
		{48D0E6EA-F502-4BA6-9284-05DB9F91692E}.Release|Any CPU.ActiveCfg = Release|Any CPU
		{48D0E6EA-F502-4BA6-9284-05DB9F91692E}.Release|Any CPU.Build.0 = Release|Any CPU
		{48D0E6EA-F502-4BA6-9284-05DB9F91692E}.Release|x64.ActiveCfg = Release|Any CPU
		{48D0E6EA-F502-4BA6-9284-05DB9F91692E}.Release|x64.Build.0 = Release|Any CPU
		{48D0E6EA-F502-4BA6-9284-05DB9F91692E}.Release|x86.ActiveCfg = Release|Any CPU
		{48D0E6EA-F502-4BA6-9284-05DB9F91692E}.Release|x86.Build.0 = Release|Any CPU
		{18C489EA-3E4E-4602-8610-30DA87FC9A23}.Debug|Any CPU.ActiveCfg = Debug|Any CPU
		{18C489EA-3E4E-4602-8610-30DA87FC9A23}.Debug|Any CPU.Build.0 = Debug|Any CPU
		{18C489EA-3E4E-4602-8610-30DA87FC9A23}.Debug|x64.ActiveCfg = Debug|Any CPU
		{18C489EA-3E4E-4602-8610-30DA87FC9A23}.Debug|x64.Build.0 = Debug|Any CPU
		{18C489EA-3E4E-4602-8610-30DA87FC9A23}.Debug|x86.ActiveCfg = Debug|Any CPU
		{18C489EA-3E4E-4602-8610-30DA87FC9A23}.Debug|x86.Build.0 = Debug|Any CPU
		{18C489EA-3E4E-4602-8610-30DA87FC9A23}.Release|Any CPU.ActiveCfg = Release|Any CPU
		{18C489EA-3E4E-4602-8610-30DA87FC9A23}.Release|Any CPU.Build.0 = Release|Any CPU
		{18C489EA-3E4E-4602-8610-30DA87FC9A23}.Release|x64.ActiveCfg = Release|Any CPU
		{18C489EA-3E4E-4602-8610-30DA87FC9A23}.Release|x64.Build.0 = Release|Any CPU
		{18C489EA-3E4E-4602-8610-30DA87FC9A23}.Release|x86.ActiveCfg = Release|Any CPU
		{18C489EA-3E4E-4602-8610-30DA87FC9A23}.Release|x86.Build.0 = Release|Any CPU
		{9B86C5E2-2200-4C7E-8602-A7F0B073C5EA}.Debug|Any CPU.ActiveCfg = Debug|Any CPU
		{9B86C5E2-2200-4C7E-8602-A7F0B073C5EA}.Debug|Any CPU.Build.0 = Debug|Any CPU
		{9B86C5E2-2200-4C7E-8602-A7F0B073C5EA}.Debug|x64.ActiveCfg = Debug|Any CPU
		{9B86C5E2-2200-4C7E-8602-A7F0B073C5EA}.Debug|x64.Build.0 = Debug|Any CPU
		{9B86C5E2-2200-4C7E-8602-A7F0B073C5EA}.Debug|x86.ActiveCfg = Debug|Any CPU
		{9B86C5E2-2200-4C7E-8602-A7F0B073C5EA}.Debug|x86.Build.0 = Debug|Any CPU
		{9B86C5E2-2200-4C7E-8602-A7F0B073C5EA}.Release|Any CPU.ActiveCfg = Release|Any CPU
		{9B86C5E2-2200-4C7E-8602-A7F0B073C5EA}.Release|Any CPU.Build.0 = Release|Any CPU
		{9B86C5E2-2200-4C7E-8602-A7F0B073C5EA}.Release|x64.ActiveCfg = Release|Any CPU
		{9B86C5E2-2200-4C7E-8602-A7F0B073C5EA}.Release|x64.Build.0 = Release|Any CPU
		{9B86C5E2-2200-4C7E-8602-A7F0B073C5EA}.Release|x86.ActiveCfg = Release|Any CPU
		{9B86C5E2-2200-4C7E-8602-A7F0B073C5EA}.Release|x86.Build.0 = Release|Any CPU
		{C64C91FD-68DE-423B-AA8C-214FED786BC8}.Debug|Any CPU.ActiveCfg = Debug|Any CPU
		{C64C91FD-68DE-423B-AA8C-214FED786BC8}.Debug|Any CPU.Build.0 = Debug|Any CPU
		{C64C91FD-68DE-423B-AA8C-214FED786BC8}.Debug|x64.ActiveCfg = Debug|Any CPU
		{C64C91FD-68DE-423B-AA8C-214FED786BC8}.Debug|x64.Build.0 = Debug|Any CPU
		{C64C91FD-68DE-423B-AA8C-214FED786BC8}.Debug|x86.ActiveCfg = Debug|Any CPU
		{C64C91FD-68DE-423B-AA8C-214FED786BC8}.Debug|x86.Build.0 = Debug|Any CPU
		{C64C91FD-68DE-423B-AA8C-214FED786BC8}.Release|Any CPU.ActiveCfg = Release|Any CPU
		{C64C91FD-68DE-423B-AA8C-214FED786BC8}.Release|Any CPU.Build.0 = Release|Any CPU
		{C64C91FD-68DE-423B-AA8C-214FED786BC8}.Release|x64.ActiveCfg = Release|Any CPU
		{C64C91FD-68DE-423B-AA8C-214FED786BC8}.Release|x64.Build.0 = Release|Any CPU
		{C64C91FD-68DE-423B-AA8C-214FED786BC8}.Release|x86.ActiveCfg = Release|Any CPU
		{C64C91FD-68DE-423B-AA8C-214FED786BC8}.Release|x86.Build.0 = Release|Any CPU
		{00C325E3-F641-4B07-B356-3BF7311A233B}.Debug|Any CPU.ActiveCfg = Debug|Any CPU
		{00C325E3-F641-4B07-B356-3BF7311A233B}.Debug|Any CPU.Build.0 = Debug|Any CPU
		{00C325E3-F641-4B07-B356-3BF7311A233B}.Debug|x64.ActiveCfg = Debug|Any CPU
		{00C325E3-F641-4B07-B356-3BF7311A233B}.Debug|x64.Build.0 = Debug|Any CPU
		{00C325E3-F641-4B07-B356-3BF7311A233B}.Debug|x86.ActiveCfg = Debug|Any CPU
		{00C325E3-F641-4B07-B356-3BF7311A233B}.Debug|x86.Build.0 = Debug|Any CPU
		{00C325E3-F641-4B07-B356-3BF7311A233B}.Release|Any CPU.ActiveCfg = Release|Any CPU
		{00C325E3-F641-4B07-B356-3BF7311A233B}.Release|Any CPU.Build.0 = Release|Any CPU
		{00C325E3-F641-4B07-B356-3BF7311A233B}.Release|x64.ActiveCfg = Release|Any CPU
		{00C325E3-F641-4B07-B356-3BF7311A233B}.Release|x64.Build.0 = Release|Any CPU
		{00C325E3-F641-4B07-B356-3BF7311A233B}.Release|x86.ActiveCfg = Release|Any CPU
		{00C325E3-F641-4B07-B356-3BF7311A233B}.Release|x86.Build.0 = Release|Any CPU
	EndGlobalSection
EndGlobal
